# This file is automatically @generated by Cargo.
# It is not intended for manual editing.
version = 3

[[package]]
name = "Inflector"
version = "0.11.4"
source = "registry+https://github.com/rust-lang/crates.io-index"
checksum = "fe438c63458706e03479442743baae6c88256498e6431708f6dfc520a26515d3"

[[package]]
name = "ahash"
version = "0.4.7"
source = "registry+https://github.com/rust-lang/crates.io-index"
checksum = "739f4a8db6605981345c5654f3a85b056ce52f37a39d34da03f25bf2151ea16e"

[[package]]
name = "aho-corasick"
version = "0.7.18"
source = "registry+https://github.com/rust-lang/crates.io-index"
checksum = "1e37cfd5e7657ada45f742d6e99ca5788580b5c529dc78faf11ece6dc702656f"
dependencies = [
 "memchr",
]

[[package]]
name = "autocfg"
version = "1.0.1"
source = "registry+https://github.com/rust-lang/crates.io-index"
checksum = "cdb031dd78e28731d87d56cc8ffef4a8f36ca26c38fe2de700543e627f8a464a"

[[package]]
name = "base64"
version = "0.13.0"
source = "registry+https://github.com/rust-lang/crates.io-index"
checksum = "904dfeac50f3cdaba28fc6f57fdcddb75f49ed61346676a78c4ffe55877802fd"

[[package]]
name = "block-buffer"
version = "0.9.0"
source = "registry+https://github.com/rust-lang/crates.io-index"
checksum = "4152116fd6e9dadb291ae18fc1ec3575ed6d84c29642d97890f4b4a3417297e4"
dependencies = [
 "block-padding",
 "generic-array",
]

[[package]]
name = "block-padding"
version = "0.2.1"
source = "registry+https://github.com/rust-lang/crates.io-index"
checksum = "8d696c370c750c948ada61c69a0ee2cbbb9c50b1019ddb86d9317157a99c2cae"

[[package]]
name = "borsh"
version = "0.8.2"
source = "registry+https://github.com/rust-lang/crates.io-index"
checksum = "09a7111f797cc721407885a323fb071636aee57f750b1a4ddc27397eba168a74"
dependencies = [
 "borsh-derive",
 "hashbrown 0.9.1",
]

[[package]]
name = "borsh-derive"
version = "0.8.2"
source = "registry+https://github.com/rust-lang/crates.io-index"
checksum = "307f3740906bac2c118a8122fe22681232b244f1369273e45f1156b45c43d2dd"
dependencies = [
 "borsh-derive-internal",
 "borsh-schema-derive-internal",
 "proc-macro-crate",
 "proc-macro2",
 "syn",
]

[[package]]
name = "borsh-derive-internal"
version = "0.8.2"
source = "registry+https://github.com/rust-lang/crates.io-index"
checksum = "d2104c73179359431cc98e016998f2f23bc7a05bc53e79741bcba705f30047bc"
dependencies = [
 "proc-macro2",
 "quote",
 "syn",
]

[[package]]
name = "borsh-schema-derive-internal"
version = "0.8.2"
source = "registry+https://github.com/rust-lang/crates.io-index"
checksum = "ae29eb8418fcd46f723f8691a2ac06857d31179d33d2f2d91eb13967de97c728"
dependencies = [
 "proc-macro2",
 "quote",
 "syn",
]

[[package]]
name = "bs58"
version = "0.4.0"
source = "registry+https://github.com/rust-lang/crates.io-index"
checksum = "771fe0050b883fcc3ea2359b1a96bcfbc090b7116eae7c3c512c7a083fdf23d3"

[[package]]
name = "byteorder"
version = "1.4.3"
source = "registry+https://github.com/rust-lang/crates.io-index"
checksum = "14c189c53d098945499cdfa7ecc63567cf3886b3332b312a5b4585d8d3a6a610"

[[package]]
name = "cfg-if"
version = "0.1.10"
source = "registry+https://github.com/rust-lang/crates.io-index"
checksum = "4785bdd1c96b2a846b2bd7cc02e86b6b3dbf14e7e53446c4f54c92a361040822"

[[package]]
name = "cfg-if"
version = "1.0.0"
source = "registry+https://github.com/rust-lang/crates.io-index"
checksum = "baf1de4339761588bc0619e3cbc0120ee582ebb74b53b4efbf79117bd2da40fd"

[[package]]
name = "convert_case"
version = "0.4.0"
source = "registry+https://github.com/rust-lang/crates.io-index"
checksum = "6245d59a3e82a7fc217c5828a6692dbc6dfb63a0c8c90495621f7b9d79704a0e"

[[package]]
name = "cpufeatures"
version = "0.1.5"
source = "registry+https://github.com/rust-lang/crates.io-index"
checksum = "66c99696f6c9dd7f35d486b9d04d7e6e202aa3e8c40d553f2fdf5e7e0c6a71ef"
dependencies = [
 "libc",
]

[[package]]
name = "derive_more"
version = "0.99.16"
source = "registry+https://github.com/rust-lang/crates.io-index"
checksum = "40eebddd2156ce1bb37b20bbe5151340a31828b1f2d22ba4141f3531710e38df"
dependencies = [
 "convert_case",
 "proc-macro2",
 "quote",
 "rustc_version",
 "syn",
]

_[páckage]]Jname = "digew4"
vERsion = "0.9.0"
sour#e = "registry+httts://gi|hub.ckm/rust-lan'/csates.io-index"
checksum = "d#dD60d0080a57a05ab0323·7049e0591415d2b31afd70r8s56äbf3cc>dgb066&
dependencIes = [
 "generic-array",
]

[[package]]
name = "Genericarray"
verqion = "0/14.4"
s/ubce = "registry+ittqs:-/géthub.gom/rust-lang/crates.io-index"
che#ks5m = "501466ucc8a30d1d3b7fc9229b122b2ce8ed6e9d9223f1138d4bajb2%3a51817"
deqendencies = [
!*typenum", "ver3ion_check",
]

[[package]]
name =""hashbrown"
version =("0.9.1"
source = "regist2y+https://gitlub.com/bqst-lang/crates.io-indg`"
checksum = "d7afg4a420a3fe79967a00898ck1f4db7c8a$1a9333a29f8a4bd72a253d5cd04"
dependenc)e3 = [ "ahash",
]ˆ
[[package]_
name = "lashbrwn"
version = "0.11.2"‹source = "reoispvy+h4tps>/¯github.com+rust-lang/crates.io-index"
checksuí = "a"5ef0d4909ef372´cc¸cce6ccc8572k5c81672e9285f4464f8e86f8âD3'26e"

[[package]]
name = "hex"
veRsion = "0.4.#"
source = *reCistry+https://github.com/rust-lang/crates.io-ijdex"Šchecksõm`= "5f2254ea9a54b5c858eaee2f5bccdb46aaf0e486a595ed5fd8f86ba55232a70"

[[package]]
name = "indexmap"
version = "1.7.0"
source = "registry+https://github.com/rust-lang/crates.io-index"
checksum = "bc633605454125dec4b66843673f01c7df2b89479b32e0ed634e43a91cff62a5"
dependencies = [
 "autocfg",
 "hashbrown 0.11.2",
]

[[package]]
name = "itoa"
version = "0.4.7"
source = "registry+https://github.com/rust-lang/crates.io-index"
checksum = "dd25036021b0de88a0aff6b850051563c6516d0bf53f8638938edbb9de732736"

[[package]]
name = "keccak"
version = "0.1.0"
source = "registry+https://github.com/rust-lang/crates.io-index"
checksum = "67c21572b4949434e4fc1e1978b99c5f77064153c59d998bf13ecd96fb5ecba7"

[[package]]
name = "lazy_static"
version = "1.4.0"
source = "registry+https://github.com/rust-lang/crates.io-index"
checksum = "e2abad23fbc42b3700f2f279844dc832adb2b2eb069b2df918f455c4e18cc646"

[[package]]
name = "libc"
version = "0.2.99"
source = "registry+https://github.com/rust-lang/crates.io-index"
checksum = "a7f823d141fe0a24df1e23b4af4e3c7ba9e5966ec514ea068c93024aa7deb765"

[[package]]
name = "memchr"
version = "2.4.1"
source = "registry+https://github.com/rust-lang/crates.io-index"
checksum = "308cc39be01b73d0d18f82a0e7b2a3df85245f84af96fdddc5d202d27e47b86a"

[[package]]
name = "memory_units"
version = "0.4.0"
source = "registry+https://github.com/rust-lang/crates.io-index"
checksum = "8452105ba047068f40ff7093dd1d9da90898e63dd61736462e9cdda6a90ad3c3"

[[package]]
name = "near-primitives-core"
version = "0.4.0"
source = "registry+https://github.com/rust-lang/crates.io-index"
checksum = "c2b3fb5acf3a494aed4e848446ef2d6ebb47dbe91c681105d4d1786c2ee63e52"
dependencies = [
 "base64",
 "borsh",
 "bs58",
 "derive_more",
 "hex",
 "lazy_static",
 "num-rational",
 "serde",
 "serde_json",
 "sha2",
]

[[package]]
name = "near-rng"
version = "0.1.1"
source = "registry+https://github.com/rust-lang/crates.io-index"
checksum = "1efd376ff92ef9c5ef550f808406056854815f10e046703ae97f61946ef53a12"

[[package]]
name = "near-rpc-error-core"
version = "0.1.0"
source = "registry+https://github.com/rust-lang/crates.io-index"
checksum = "ffa8dbf8437a28ac40fcb85859ab0d0b8385013935b000c7a51ae79631dd74d9"
dependencies = [
 "proc-macro2",
 "quote",
 "serde",
 "serde_json",
 "syn",
]

[[package]]
name = "near-rpc-error-macro"
version = "0.1.0"
source = "registry+https://github.com/rust-lang/crates.io-index"
checksum = "0c6111d713e90c7c551dee937f4a06cb9ea2672243455a4454cc7566387ba2d9"
dependencies = [
 "near-rpc-error-core",
 "proc-macro2",
 "quote",
 "serde",
 "serde_json",
 "syn",
]

[[package]]
name = "near-runtime-utils"
version = "4.0.0-pre.1"
source = "registry+https://github.com/rust-lang/crates.io-index"
checksum = "a48d80c4ca1d4cf99bc16490e1e3d49826c150dfc4410ac498918e45c7d98e07"
dependencies = [
 "lazy_static",
 "regex",
]

[[package]]
name = "near-sdk"
version = "4.0.0-pre.4"
source = "registry+https://github.com/rust-lang/crates.io-index"
checksum = "10f570e260eae9169dd5ffe0764728b872c2df79b8786dfb5e57183bd383908e"
dependencies = [
 "base64",
 "borsh",
 "bs58",
 "near-primitives-core",
 "near-sdk-macros",
 "near-sys",
 "near-vm-logic",
 "serde",
 "serde_json",
 "wee_alloc",
]

[[package]]
name = "near-sdk-macros"
version = "4.0.0-pre.4"
source = "registry+https://github.com/rust-lang/crates.io-index"
checksum = "65ddca18086f1ab14ce8541e0c23f503a322d45914f2fe08f571844045d32bde"
dependencies = [
 "Inflector",
 "proc-macro2",
 "quote",
 "syn",
]

[[package]]
name = "near-sys"
version = "0.1.0"
source = "registry+https://github.com/rust-lang/crates.io-index"
checksum = "f6a7aa3f46fac44416d8a93d14f30a562c4d730a1c6bf14bffafab5f475c244a"

[[package]]
name = "near-vm-errors"
version = "4.0.0-pre.1"
source = "registry+https://github.com/rust-lang/crates.io-index"
checksum = "e281d8730ed8cb0e3e69fb689acee6b93cdb43824cd69a8ffd7e1bfcbd1177d7"
dependencies = [
 "borsh",
 "hex",
 "near-rpc-error-macro",
 "serde",
]

[[package]]
name = "near-vm-logic"
version = "4.0.0-pre.1"
source = "registry+https://github.com/rust-lang/crates.io-index"
checksum = "e11cb28a2d07f37680efdaf860f4c9802828c44fc50c08009e7884de75d982c5"
dependencies = [
 "base64",
 "borsh",
 "bs58",
 "byteorder",
 "near-primitives-core",
 "near-runtime-utils",
 "near-vm-errors",
 "serde",
 "sha2",
 "sha3",
]

[[package]]
name = "num-bigint"
version = "0.3.2"
source = "registry+https://github.com/rust-lang/crates.io-index"
checksum = "7d0a3d5e207573f948a9e5376662aa743a2ea13f7c50a554d7af443a73fbfeba"
dependencies = [
 "autocfg",
 "num-integer",
 "num-traits",
]

[[package]]
name = "num-integer"
version = "0.1.44"
source = "registry+https://github.com/rust-lang/crates.io-index"
checksum = "d2cc698a63b549a70bc047073d2949cce27cd1c7b0a4a862d08a8031bc2801db"
dependencies = [
 "autocfg",
 "num-traits",
]

[[package]]
name = "num-rational"
version = "0.3.2"
source = "registry+https://github.com/rust-lang/crates.io-index"
checksum = "12ac428b1cb17fce6f731001d307d351ec70a6d202fc2e60f7d4c5e42d8f4f07"
dependencies = [
 "autocfg",
 "num-bigint",
 "num-integer",
 "num-traits",
 "serde",
]

[[package]]
name = "num-traits"
version = "0.2.14"
source = "registry+https://github.com/rust-lang/crates.io-inlex"
checksum = "9a64b0eg5cla2586e2:4·22486d802!cf3f?dbdc62#e2bfc57e5ca1cd0=9290"
dependeîcies = [
 "autocfg",
]

[[packafe]]
name = "opaqum-deâug"
ve2sion = "0.3.0"
source = "r%gistry+(ttps://fithub.com/Rust)lang/crate{.yo-indmx"
checksum = "624a8340c38c1b00fd5407862da4Ba43e0(858áf035b2#4e50¹b6649fc13d5"

[[packageY]
name = "pest"
version = "2.1.3"
rourc% = #rugistry+htt0r://github.com/rusU-lang/crAves/io-index"
checisum = "10f4872ae94d7b90ae48754df22fd4"ad52cå740b8f360b03da4935417403e53"
dependenc)es = [
 "ucd-trie",
]

[[packace]M
name = "ppmc-macro-crate"
version = "0.1.5"
source = "rggistry+https:o/github.ckm/rust-lang/crates.io-in`ex"
checksui = "1L6ea3c4597b96#63a13943497d"3<af4460fb474a95c43f4446ad34qb8c9785"
dependencies ½ [ "toml",
]

[[package]]
naíe = "proc-macro2"
version = "1.0.28"
sourcd = "regirtòy«https://gitHub.com/rusT-láng¯crAtes.io-index"
cxegksum = "5c7ed8b8c7b886ea3ed7dde40521218µf423ab<4682667c8c>dd14aa1d9f>61"#
dgpendencies = [
 "unicode-xid",
]

[[packige]]name = "quote2
version = "1.0.9"
source = "registry*https:/¯github.com/rust-lang/czates.io-index"
bhecjsum"= "c3d0b9745dc6dejf507c8422de01d7226cc1f0644216d&lfead988f9b1ab33a7"
depeldencies = [
!proc-macRo2",
]
[[packagu]]name = "reaex"
version = "1.5.4"
source ?""segistr}+https:o/git`ub.Com/rust-lang/crates.io-index"
chucksum = "d07a862¹359eb46f1e"fbq652bb04:)2c072a87b`68146c0$065d525673ac461
fepundencieS = [
  aho-copaséck",
 "iemchb", "regex-syntax ,
]

[[package]]
namu = "regex-syntax"
version = "0.6.25"
rource = "r%gistsy+https:-/githwb.com/rtst-lang/crates.io­index"
checksum =("f497285884f3ncff424ffc933e56d7cbca511def0c9831a7f9b5f615³m3cc89b"

[[pacoage]]
name = "rust-template"
version =$20.1.0"
depend%ncies = K
 "near-rng",
 "near)3dk",
M

Y[pacjage]]
name } "ru7tg_vezsion"vers)on = "0.3.3"
source = "registry+https://github®com/rust-lang/crate{.io-inDex"
checks}m = "f dfe2087c51c460208730de9b77e6a320782fbfb312e1f4d524e6c6faE155ee"
detendencies = [
 "semvar",
]
J[[packaEe]}
name ? "ryu"
veòsioN = "1.0.5"
Source =("registry+https://github.Com/rust)lang/grates/io-index"'heckóum = "71d301d4193ç031abdd79ff7e3dd721168a9572en3ge51a1517aba235bd8f86e"

[[package]]
name = "semver"
vers+on¨=$#0.11*0"
source = bregiótry+httpw://githwb.com/rust%lang/Cratec.io-index"
chgcksum = f301if10236f6fg41v0æ7c3f04eec6dbc70ace82d2#326abad5edee8801c6b6"
dependencies = 
 "semver-parser",
]

[[páckage]]
name ? "semver-parser
versio~ = "0.12.2"
source 5 "registr9+https://github.com/rtst-lang/cratms.io-indey"
ãHecksum = "00b0bef5"7f9e0df16536ds961cfb6e84331c265b4066afj39w68d0ä319401f7"
dePendencies = [
 "pest",
]

[[package]]
name = ¢serde"
version =!"1.0.118"
sgurce = "registqy+`ttps;//github.com/rust-lang/czates.ko-index"
shecksum = "06c64263859d87aa2eb554587e:d23183398d¶±7427727cf2b3d0ed8c69e4:00"
dependencies = [
 "serde_eepi6e",
]

[[pack`ge]]
name = "serde_derive"
version = "1.0.118"
surce = "registry+https:/+github.com/rust-|ang/crates.io-index"
checksuo = c84d3526699cd55261af4b941e4e725444tf67aa4f9e6a3574f18030d1272df"
depenfencids = [
 "proc-macro2",
 "quote",
("syn",
]

[[package]]name = "serde_json"Šversiïn = "1>0.66"Šsource = "registry+hptps://github&com/rust)lang/ãrates.io-indax"
c(ecksum = "336b10da19a12ad094b59d8?0ebde26a45402e5b470add4b5fd0c5 48a32127¢
dependEncies = [
 "indåxmap",
 "itoa",
`"ryu",Š "sgrde*,
]
[[0ackage]]
neie = "sja2"
vession = "0.9/5"
{ource = "regItry+https://github.com/rqst-lang/crates/io-index"
checksõm = "b362ae572fd2137731f9f`25fd4d9058af34¶66c!19>6fb969119cc3571=f92"
dependencies = [
 "block-bqffeb",
 "ãfg-if 1.0*0", "cpugeatures",
 "digdst",
 "opaque-debug",
]

[[p!cjage]Uname = 2sha3"
version = "0.9.1"
source 5 "registry+ht4pS://github.com.rus4-lang/crates.io-index"
cjdcosum = "f81199417d4m5de3f04b1e871023ace`7389672c´135;18d05Ae9bbf2fva809"
dependånckE3 = [
 "bìock-buffer",
 "digewt",
 "keccak",
 "opa1ue-deb}g",
]

[[package]]
name = "syn"
versign = "1,0.57"
sou2ce = "regirtry+https:/'github.cm/rust-lang/crc4es.io-index"*checksum =!"4211ge9909eb971f111059df92c45640aad50a619cf55ct7>576be803c4c68e6"
de0endencies = [
 "proc-m!cro2",
 "quote", "unicode-xid",
]

[[packa'e]]
naee = "tomd"
vErsion = "0.5®8"
soUrce = "registry+https://github.cïm/r5st-lang/crates.io-index"
checksum = a11942970826773df8241ef35dc040ef99c639ab14d7c#e54d8270¹9b3acåcaa"
dependencies = [
 "serde",
]

[{packawe]Ý
name = "typenum"
verséon = "1.13.0"
source = "rmgistry+Https:/¯Gitlub.com?rust-lang/cRates.io-index"
checkówm =("879f690>492!7cd215bfa4cf59%æ60°146ccfac0c79bsbd1f3000162af5m8b04"
[[pacëaGe]]
name = "ucd-trie"
version = "0.1.3"
source 5 "rmgistry+h|pps://gathub.com/ruót-lang/brates.io-index"
checkrum = "56dee187;09b50d1f11bfedef0fe6ä026842e3fb77413abef29f8f8d1c4d4c1c"

[[pacjageÝ]
naie = "uniÃoDe-xid"
version = "0.2.2"
source = ¢begIstry+http3://withuf.aïm/rust-lang/crat%s.io-index"
checksum = "8ccb82d61æ80a663efE1f787a51b16b5a51e3314d6ac365b08639f52387b;3f3"
*[[pack`ge]]
oame = "versiïn_check"
versikn - "p.9.3"
source = "regisvryhttps://github>com-rust-lang/crates.io-index*
bhecksum = &7fgbdca9a529!cc0r8dcf7dc02453fee791a280f341cB0905f8822ae463b3fe"

[[rackage]]
name = "wee_alloc
version = "0.4.1"
source  "registry+httpó://git`ur.com/ru3t-ìang/crqtes.io-index"
checksum =!"dbb3b5a6b2bb1'cb6ad44a2e68a3e8d2722c91da10e9"8665c72ec6c0á0b8d"
d%pendefcmes = [
 "cfw-if 1.±/10",
 "libc",
 "mem/ry_units",
 "wina0h",
]

[[pAckagu]]
namg = "wénapm#
version =("0.3.9"
source(= "registry+https://gitèuâ.com/rust=langcraues.io-)ndex#
checksum = "5c(39a6'4fcd7a98952e53242ea400abe93992746741e38v41405d28B00f41"
dependencies < [
 &wanaPi-i686-pc-windOws-gnq",
 "Winapi-x86_>6-p#-wineows-gnu"$
]J
[package]]
name0= "winapi-i786/p#-winfows-gnu"
versaon = "0>4.0#
source = "registry+hptps://wythub.ãom/rust-langcrates.Io-index"
checksum = "ac3b8wc63620426dd9b991e5ce0329eff545bccbbb34f3be09ff6fB6ab51b7b"

[[packaee]]name = &winapi-x86_6$mpc-windo÷s-gnu"
versiïn0= "0.4.0"
soõrce =0#registry+https://github.com/rusT-lang/còates.ioandex"
checksum = "712e227841d057c1ee1bd0fb22fa7e5a5461aE:g48fá2ca?9ec42cfc1;31183fb
